{
  "version": 4,
  "terraform_version": "1.1.9",
  "serial": 12,
  "lineage": "325b10cc-489e-a1c7-37b1-d9e0f9039d29",
  "outputs": {},
  "resources": [
    {
      "mode": "data",
      "type": "google_client_config",
      "name": "default",
      "provider": "provider[\"registry.terraform.io/hashicorp/google\"].tokengen",
      "instances": [
        {
          "schema_version": 0,
          "attributes": {
            "access_token": "ya29.a0ARrdaM-1qCnnmBiDlfdd6zPGMAcdkUy551gP_XtrOof89mDbnmeTEnjikTDtNlI4kW1e73b3W1pmFWBPMjoEhUHZCZYEiaczrNdFVOiZbZcH1SEVL4OFhW8oEsdarcQ0z-yo_T6uH2oRmBbHa8CFHMnP851t",
            "id": "2022-05-21 03:34:34.4376618 +0000 UTC",
            "project": "",
            "region": "",
            "zone": ""
          },
          "sensitive_attributes": []
        }
      ]
    },
    {
      "mode": "data",
      "type": "google_service_account_access_token",
      "name": "sa",
      "provider": "provider[\"registry.terraform.io/hashicorp/google\"].tokengen",
      "instances": [
        {
          "schema_version": 0,
          "attributes": {
            "access_token": "ya29.c.b0AXv0zTPTR3zE9LEoSvWZdPIyeK5g8uX1sDAIiKtWvziXFfYcEcUTzKbBAPvhftn3sTk9w91si2BjTknGeGAKaCjD07Uksk83T2j7ZfZJ9-eXlmhIt4gH4z5roSD5zt7voIxtofoGN3q4yMkESakIDxrv-jDgJYgktxkB51QUMPcrDMfYQGGpYAtbekghAEX2D6prUjhSCpoMKXSSsLCSbeu1I_ZDnUsfB_LQTgSDFeB_OV1lXLucYXNUHmMi_cHWkZ-s1_PzczChkXCw44OR6yt-Ng7IPs6LSH0Hq1mddPovDGK3rwGlBq6pgH2PWz94lB_qf8B31jso-1ldMX8TlsUMb3KFXZ4TLxXXRDi_4UQGQdk-jwCDYrviZzAYAIQKmHXR_0i28jwPA_-TDl3XqzIXfkms5uKCxEeaGDbVtwAPmD5zkaef5i31_7IWrg8RY2bu60KflXKlwAYMuw1DN9wGPovI6W0tmPeRfq2odTeHW3sEO-GU-TY7Sw.............................................................................................................................................................................................................................................................................................................................................................................................................................................................................................................................",
            "delegates": null,
            "id": "2022-05-21 03:34:35.1188063 +0000 UTC",
            "lifetime": "600s",
            "scopes": [
              "https://www.googleapis.com/auth/cloud-platform"
            ],
            "target_service_account": "terraform@triggering-a-198-f7b37e90.iam.gserviceaccount.com"
          },
          "sensitive_attributes": []
        }
      ]
    },
    {
      "mode": "managed",
      "type": "google_storage_bucket",
      "name": "test",
      "provider": "provider[\"registry.terraform.io/hashicorp/google\"]",
      "instances": [
        {
          "schema_version": 0,
          "attributes": {
            "bucket_policy_only": false,
            "cors": [],
            "encryption": [],
            "force_destroy": false,
            "id": "test-bucket-5-20-2022-03",
            "labels": null,
            "lifecycle_rule": [],
            "location": "US-WEST1",
            "logging": [],
            "name": "test-bucket-5-20-2022-03",
            "predefined_acl": null,
            "project": "triggering-a-198-f7b37e90",
            "requester_pays": false,
            "retention_policy": [],
            "self_link": "https://www.googleapis.com/storage/v1/b/test-bucket-5-20-2022-03",
            "storage_class": "STANDARD",
            "url": "gs://test-bucket-5-20-2022-03",
            "versioning": [],
            "website": []
          },
          "sensitive_attributes": [],
          "private": "bnVsbA==",
          "dependencies": [
            "data.google_service_account_access_token.sa"
          ]
        }
      ]
    }
  ]
}
