{
  "version": 4,
  "terraform_version": "1.1.9",
  "serial": 9,
  "lineage": "325b10cc-489e-a1c7-37b1-d9e0f9039d29",
  "outputs": {},
  "resources": [
    {
      "mode": "data",
      "type": "google_client_config",
      "name": "default",
      "provider": "provider[\"registry.terraform.io/hashicorp/google\"].tokengen",
      "instances": [
        {
          "schema_version": 0,
          "attributes": {
            "access_token": "ya29.a0ARrdaM9Wlr3DOgLNKm40S6qAHLp12a5E5yBwg3YqJohkooxReTRy9HA1Himb6UQYmuznGXMxi927rydCihjNc608zngk8uqwsQYinwMxYU-PpYwwmIRZj5xhMEyn93Gs_Am3p36_fm1tNEL4FJDlR7ghzi4f",
            "id": "2022-05-21 03:33:49.7884247 +0000 UTC",
            "project": "",
            "region": "",
            "zone": ""
          },
          "sensitive_attributes": []
        }
      ]
    },
    {
      "mode": "data",
      "type": "google_service_account_access_token",
      "name": "sa",
      "provider": "provider[\"registry.terraform.io/hashicorp/google\"].tokengen",
      "instances": [
        {
          "schema_version": 0,
          "attributes": {
            "access_token": "ya29.c.b0AXv0zTNy_-glTMGvmnO1WkoJXRLPSfYtKIPoRnq9-LCO9HRMTaDajYtDDqaWScCGFmx5GSZCJAO3McEVKoLDXHIxRNWV9MlRt6XJ895jgzL9yPVSv2f-QodDI0iClKJii3ctDEpQPq_H43zbIm5jM38v94U-xqU9p-oxgcpe0xd2qKstob9p_Jb_zt1tMSueGZ3Z5-avHjIq5ABul24_qnRfDBcWwNkgEyfhyMdyfwZlxW1KsI2UM9ipU98fxro97UO9g5ty37zLnJU1b-syLeNm09hwJxgMDWgqc9nJSWgGkFMAmAB2H2T5CxJ-qXB1HQ9i7F9eTUrSmn7NRonJ6Inj0p1uzNkYYYe_BVbHV7U-IMRQdpsHgW3h454RGT3pXu1uzw-QRdJpcXHCpC_HB9Q8G5ZQxWYRsRxAHFxyZk_M1LQBW17O2QB2WzY6YIwisKKF5xBY2fb6qLpmk06iczCgtxOoMGBAu-TBQ4lbHvPUTpUaO9sSrTwVpEk............................................................................................................................................................................................................................................................................................................................................................................................................................................................................................................................",
            "delegates": null,
            "id": "2022-05-21 03:33:50.6728002 +0000 UTC",
            "lifetime": "600s",
            "scopes": [
              "https://www.googleapis.com/auth/cloud-platform"
            ],
            "target_service_account": "terraform@triggering-a-198-f7b37e90.iam.gserviceaccount.com"
          },
          "sensitive_attributes": []
        }
      ]
    },
    {
      "mode": "managed",
      "type": "google_storage_bucket",
      "name": "test",
      "provider": "provider[\"registry.terraform.io/hashicorp/google\"]",
      "instances": [
        {
          "schema_version": 0,
          "attributes": {
            "bucket_policy_only": false,
            "cors": [],
            "encryption": [],
            "force_destroy": false,
            "id": "test-bucket-5-20-2022-02",
            "labels": {},
            "lifecycle_rule": [],
            "location": "US-WEST1",
            "logging": [],
            "name": "test-bucket-5-20-2022-02",
            "predefined_acl": null,
            "project": "triggering-a-198-f7b37e90",
            "requester_pays": false,
            "retention_policy": [],
            "self_link": "https://www.googleapis.com/storage/v1/b/test-bucket-5-20-2022-02",
            "storage_class": "STANDARD",
            "url": "gs://test-bucket-5-20-2022-02",
            "versioning": [],
            "website": []
          },
          "sensitive_attributes": [],
          "private": "bnVsbA==",
          "dependencies": [
            "data.google_service_account_access_token.sa"
          ]
        }
      ]
    }
  ]
}
